// !$*UTF8*$!
{
	archiveVersion = 1;
	classes = {
	};
	objectVersion = 51;
	objects = {

/* Begin PBXBuildFile section */
		4E013B1222B3DD8A00BDF4CB /* AppDelegate.swift in Sources */ = {isa = PBXBuildFile; fileRef = 4E013B1122B3DD8A00BDF4CB /* AppDelegate.swift */; };
		4E013B1722B3DD8A00BDF4CB /* Main.storyboard in Resources */ = {isa = PBXBuildFile; fileRef = 4E013B1522B3DD8A00BDF4CB /* Main.storyboard */; };
		4E013B1922B3DD9000BDF4CB /* Assets.xcassets in Resources */ = {isa = PBXBuildFile; fileRef = 4E013B1822B3DD9000BDF4CB /* Assets.xcassets */; };
		4E013B1C22B3DD9000BDF4CB /* LaunchScreen.storyboard in Resources */ = {isa = PBXBuildFile; fileRef = 4E013B1A22B3DD9000BDF4CB /* LaunchScreen.storyboard */; };
		4E166EB222B4320200104FB7 /* PriceListViewController.swift in Sources */ = {isa = PBXBuildFile; fileRef = 4E166EB122B4320200104FB7 /* PriceListViewController.swift */; };
		4E166EB422B4323700104FB7 /* PriceListVM.swift in Sources */ = {isa = PBXBuildFile; fileRef = 4E166EB322B4323700104FB7 /* PriceListVM.swift */; };
		4E166EB622B4398700104FB7 /* BaseViewController.swift in Sources */ = {isa = PBXBuildFile; fileRef = 4E166EB522B4398700104FB7 /* BaseViewController.swift */; };
		4E166EB822B43D9100104FB7 /* BitcoinPriceRepository.swift in Sources */ = {isa = PBXBuildFile; fileRef = 4E166EB722B43D9100104FB7 /* BitcoinPriceRepository.swift */; };
		4EB9EB4B22B56CE900D4DCDF /* Extensions.swift in Sources */ = {isa = PBXBuildFile; fileRef = 4EB9EB4A22B56CE900D4DCDF /* Extensions.swift */; };
		4EE5EF5022B51D540051DE9E /* PriceViewObject.swift in Sources */ = {isa = PBXBuildFile; fileRef = 4EE5EF4F22B51D540051DE9E /* PriceViewObject.swift */; };
		4EE5EF5222B52E410051DE9E /* PriceListVCPickerViewExtension.swift in Sources */ = {isa = PBXBuildFile; fileRef = 4EE5EF5122B52E410051DE9E /* PriceListVCPickerViewExtension.swift */; };
		6206E7051FC167BCCC61511E /* Pods_BitcoinPriceChecker_rx.framework in Frameworks */ = {isa = PBXBuildFile; fileRef = 103063358ED8D39432B0383D /* Pods_BitcoinPriceChecker_rx.framework */; };
/* End PBXBuildFile section */

/* Begin PBXContainerItemProxy section */
		4EE5EF5D22B54F960051DE9E /* PBXContainerItemProxy */ = {
			isa = PBXContainerItemProxy;
			containerPortal = 4E013B0622B3DD8A00BDF4CB /* Project object */;
			proxyType = 1;
			remoteGlobalIDString = 4E013B0D22B3DD8A00BDF4CB;
			remoteInfo = BitcoinPriceChecker_rx;
		};
/* End PBXContainerItemProxy section */

/* Begin PBXFileReference section */
		103063358ED8D39432B0383D /* Pods_BitcoinPriceChecker_rx.framework */ = {isa = PBXFileReference; explicitFileType = wrapper.framework; includeInIndex = 0; path = Pods_BitcoinPriceChecker_rx.framework; sourceTree = BUILT_PRODUCTS_DIR; };
		134EFB6432FAD611EB3E712F /* Pods-BitcoinPriceChecker_rx.release.xcconfig */ = {isa = PBXFileReference; includeInIndex = 1; lastKnownFileType = text.xcconfig; name = "Pods-BitcoinPriceChecker_rx.release.xcconfig"; path = "Target Support Files/Pods-BitcoinPriceChecker_rx/Pods-BitcoinPriceChecker_rx.release.xcconfig"; sourceTree = "<group>"; };
		44A365E055BC8DEE741F6099 /* Pods-BitcoinPriceChecker_rx.debug.xcconfig */ = {isa = PBXFileReference; includeInIndex = 1; lastKnownFileType = text.xcconfig; name = "Pods-BitcoinPriceChecker_rx.debug.xcconfig"; path = "Target Support Files/Pods-BitcoinPriceChecker_rx/Pods-BitcoinPriceChecker_rx.debug.xcconfig"; sourceTree = "<group>"; };
		4E013B0E22B3DD8A00BDF4CB /* BitcoinPriceChecker_rx.app */ = {isa = PBXFileReference; explicitFileType = wrapper.application; includeInIndex = 0; path = BitcoinPriceChecker_rx.app; sourceTree = BUILT_PRODUCTS_DIR; };
		4E013B1122B3DD8A00BDF4CB /* AppDelegate.swift */ = {isa = PBXFileReference; lastKnownFileType = sourcecode.swift; path = AppDelegate.swift; sourceTree = "<group>"; };
		4E013B1622B3DD8A00BDF4CB /* Base */ = {isa = PBXFileReference; lastKnownFileType = file.storyboard; name = Base; path = Base.lproj/Main.storyboard; sourceTree = "<group>"; };
		4E013B1822B3DD9000BDF4CB /* Assets.xcassets */ = {isa = PBXFileReference; lastKnownFileType = folder.assetcatalog; path = Assets.xcassets; sourceTree = "<group>"; };
		4E013B1B22B3DD9000BDF4CB /* Base */ = {isa = PBXFileReference; lastKnownFileType = file.storyboard; name = Base; path = Base.lproj/LaunchScreen.storyboard; sourceTree = "<group>"; };
		4E013B1D22B3DD9000BDF4CB /* Info.plist */ = {isa = PBXFileReference; lastKnownFileType = text.plist.xml; path = Info.plist; sourceTree = "<group>"; };
		4E166EB122B4320200104FB7 /* PriceListViewController.swift */ = {isa = PBXFileReference; lastKnownFileType = sourcecode.swift; path = PriceListViewController.swift; sourceTree = "<group>"; };
		4E166EB322B4323700104FB7 /* PriceListVM.swift */ = {isa = PBXFileReference; lastKnownFileType = sourcecode.swift; path = PriceListVM.swift; sourceTree = "<group>"; };
		4E166EB522B4398700104FB7 /* BaseViewController.swift */ = {isa = PBXFileReference; lastKnownFileType = sourcecode.swift; path = BaseViewController.swift; sourceTree = "<group>"; };
		4E166EB722B43D9100104FB7 /* BitcoinPriceRepository.swift */ = {isa = PBXFileReference; lastKnownFileType = sourcecode.swift; path = BitcoinPriceRepository.swift; sourceTree = "<group>"; };
		4EB9EB4A22B56CE900D4DCDF /* Extensions.swift */ = {isa = PBXFileReference; lastKnownFileType = sourcecode.swift; path = Extensions.swift; sourceTree = "<group>"; };
		4EE5EF4F22B51D540051DE9E /* PriceViewObject.swift */ = {isa = PBXFileReference; lastKnownFileType = sourcecode.swift; path = PriceViewObject.swift; sourceTree = "<group>"; };
		4EE5EF5122B52E410051DE9E /* PriceListVCPickerViewExtension.swift */ = {isa = PBXFileReference; lastKnownFileType = sourcecode.swift; path = PriceListVCPickerViewExtension.swift; sourceTree = "<group>"; };
		4EE5EF5822B54F960051DE9E /* BitcoinPriceChecker_rxTests.xctest */ = {isa = PBXFileReference; explicitFileType = wrapper.cfbundle; includeInIndex = 0; path = BitcoinPriceChecker_rxTests.xctest; sourceTree = BUILT_PRODUCTS_DIR; };
/* End PBXFileReference section */

/* Begin PBXFrameworksBuildPhase section */
		4E013B0B22B3DD8A00BDF4CB /* Frameworks */ = {
			isa = PBXFrameworksBuildPhase;
			buildActionMask = 2147483647;
			files = (
				6206E7051FC167BCCC61511E /* Pods_BitcoinPriceChecker_rx.framework in Frameworks */,
			);
			runOnlyForDeploymentPostprocessing = 0;
		};
		4EE5EF5522B54F960051DE9E /* Frameworks */ = {
			isa = PBXFrameworksBuildPhase;
			buildActionMask = 2147483647;
			files = (
			);
			runOnlyForDeploymentPostprocessing = 0;
		};
/* End PBXFrameworksBuildPhase section */

/* Begin PBXGroup section */
		2ECA8E24B5FD71E427FC00D5 /* Pods */ = {
			isa = PBXGroup;
			children = (
				44A365E055BC8DEE741F6099 /* Pods-BitcoinPriceChecker_rx.debug.xcconfig */,
				134EFB6432FAD611EB3E712F /* Pods-BitcoinPriceChecker_rx.release.xcconfig */,
			);
			path = Pods;
			sourceTree = "<group>";
		};
		4E013B0522B3DD8A00BDF4CB = {
			isa = PBXGroup;
			children = (
				4E013B1022B3DD8A00BDF4CB /* BitcoinPriceChecker_rx */,
				4E013B0F22B3DD8A00BDF4CB /* Products */,
				2ECA8E24B5FD71E427FC00D5 /* Pods */,
				D07932E2759EB738E8FE7FE3 /* Frameworks */,
			);
			sourceTree = "<group>";
		};
		4E013B0F22B3DD8A00BDF4CB /* Products */ = {
			isa = PBXGroup;
			children = (
				4E013B0E22B3DD8A00BDF4CB /* BitcoinPriceChecker_rx.app */,
				4EE5EF5822B54F960051DE9E /* BitcoinPriceChecker_rxTests.xctest */,
			);
			name = Products;
			sourceTree = "<group>";
		};
		4E013B1022B3DD8A00BDF4CB /* BitcoinPriceChecker_rx */ = {
			isa = PBXGroup;
			children = (
				4E166EAD22B4307300104FB7 /* pricelist */,
				4EB9EB4922B56CD000D4DCDF /* Supporting */,
				4E013B1D22B3DD9000BDF4CB /* Info.plist */,
			);
			path = BitcoinPriceChecker_rx;
			sourceTree = "<group>";
		};
		4E166EAD22B4307300104FB7 /* pricelist */ = {
			isa = PBXGroup;
			children = (
				4E166EB022B4309B00104FB7 /* Model */,
				4E166EAF22B4309300104FB7 /* View Model */,
				4E166EAE22B4308A00104FB7 /* View */,
			);
			path = pricelist;
			sourceTree = "<group>";
		};
		4E166EAE22B4308A00104FB7 /* View */ = {
			isa = PBXGroup;
			children = (
				4E166EB122B4320200104FB7 /* PriceListViewController.swift */,
				4EE5EF5122B52E410051DE9E /* PriceListVCPickerViewExtension.swift */,
			);
			path = View;
			sourceTree = "<group>";
		};
		4E166EAF22B4309300104FB7 /* View Model */ = {
			isa = PBXGroup;
			children = (
				4EE5EF4E22B51CF40051DE9E /* View Object */,
				4E166EB322B4323700104FB7 /* PriceListVM.swift */,
			);
			path = "View Model";
			sourceTree = "<group>";
		};
		4E166EB022B4309B00104FB7 /* Model */ = {
			isa = PBXGroup;
			children = (
				4E166EB722B43D9100104FB7 /* BitcoinPriceRepository.swift */,
			);
			path = Model;
			sourceTree = "<group>";
		};
		4EB9EB4922B56CD000D4DCDF /* Supporting */ = {
			isa = PBXGroup;
			children = (
				4E166EB522B4398700104FB7 /* BaseViewController.swift */,
				4E013B1122B3DD8A00BDF4CB /* AppDelegate.swift */,
				4EB9EB4A22B56CE900D4DCDF /* Extensions.swift */,
				4E013B1522B3DD8A00BDF4CB /* Main.storyboard */,
				4E013B1822B3DD9000BDF4CB /* Assets.xcassets */,
				4E013B1A22B3DD9000BDF4CB /* LaunchScreen.storyboard */,
			);
			path = Supporting;
			sourceTree = "<group>";
		};
		4EE5EF4E22B51CF40051DE9E /* View Object */ = {
			isa = PBXGroup;
			children = (
				4EE5EF4F22B51D540051DE9E /* PriceViewObject.swift */,
			);
			path = "View Object";
			sourceTree = "<group>";
		};
		D07932E2759EB738E8FE7FE3 /* Frameworks */ = {
			isa = PBXGroup;
			children = (
				103063358ED8D39432B0383D /* Pods_BitcoinPriceChecker_rx.framework */,
			);
			name = Frameworks;
			sourceTree = "<group>";
		};
/* End PBXGroup section */

/* Begin PBXNativeTarget section */
		4E013B0D22B3DD8A00BDF4CB /* BitcoinPriceChecker_rx */ = {
			isa = PBXNativeTarget;
			buildConfigurationList = 4E013B2022B3DD9000BDF4CB /* Build configuration list for PBXNativeTarget "BitcoinPriceChecker_rx" */;
			buildPhases = (
				6F46DDF4E8357E48B346F3AB /* [CP] Check Pods Manifest.lock */,
				4E013B0A22B3DD8A00BDF4CB /* Sources */,
				4E013B0B22B3DD8A00BDF4CB /* Frameworks */,
				4E013B0C22B3DD8A00BDF4CB /* Resources */,
				D44E0914E6B70C881EAE731A /* [CP] Embed Pods Frameworks */,
			);
			buildRules = (
			);
			dependencies = (
			);
			name = BitcoinPriceChecker_rx;
			productName = BitcoinPriceChecker_rx;
			productReference = 4E013B0E22B3DD8A00BDF4CB /* BitcoinPriceChecker_rx.app */;
			productType = "com.apple.product-type.application";
		};
		4EE5EF5722B54F960051DE9E /* BitcoinPriceChecker_rxTests */ = {
			isa = PBXNativeTarget;
			buildConfigurationList = 4EE5EF5F22B54F960051DE9E /* Build configuration list for PBXNativeTarget "BitcoinPriceChecker_rxTests" */;
			buildPhases = (
				4EE5EF5422B54F960051DE9E /* Sources */,
				4EE5EF5522B54F960051DE9E /* Frameworks */,
				4EE5EF5622B54F960051DE9E /* Resources */,
			);
			buildRules = (
			);
			dependencies = (
				4EE5EF5E22B54F960051DE9E /* PBXTargetDependency */,
			);
			name = BitcoinPriceChecker_rxTests;
			productName = BitcoinPriceChecker_rxTests;
			productReference = 4EE5EF5822B54F960051DE9E /* BitcoinPriceChecker_rxTests.xctest */;
			productType = "com.apple.product-type.bundle.unit-test";
		};
/* End PBXNativeTarget section */

/* Begin PBXProject section */
		4E013B0622B3DD8A00BDF4CB /* Project object */ = {
			isa = PBXProject;
			attributes = {
				LastSwiftUpdateCheck = 1010;
				LastUpgradeCheck = 1010;
				ORGANIZATIONNAME = soft;
				TargetAttributes = {
					4E013B0D22B3DD8A00BDF4CB = {
						CreatedOnToolsVersion = 10.1;
					};
					4EE5EF5722B54F960051DE9E = {
						CreatedOnToolsVersion = 10.1;
						TestTargetID = 4E013B0D22B3DD8A00BDF4CB;
					};
				};
			};
			buildConfigurationList = 4E013B0922B3DD8A00BDF4CB /* Build configuration list for PBXProject "BitcoinPriceChecker_rx" */;
			compatibilityVersion = "Xcode 9.3";
			developmentRegion = en;
			hasScannedForEncodings = 0;
			knownRegions = (
				en,
				Base,
			);
			mainGroup = 4E013B0522B3DD8A00BDF4CB;
			productRefGroup = 4E013B0F22B3DD8A00BDF4CB /* Products */;
			projectDirPath = "";
			projectRoot = "";
			targets = (
				4E013B0D22B3DD8A00BDF4CB /* BitcoinPriceChecker_rx */,
				4EE5EF5722B54F960051DE9E /* BitcoinPriceChecker_rxTests */,
			);
		};
/* End PBXProject section */

/* Begin PBXResourcesBuildPhase section */
		4E013B0C22B3DD8A00BDF4CB /* Resources */ = {
			isa = PBXResourcesBuildPhase;
			buildActionMask = 2147483647;
			files = (
				4E013B1C22B3DD9000BDF4CB /* LaunchScreen.storyboard in Resources */,
				4E013B1922B3DD9000BDF4CB /* Assets.xcassets in Resources */,
				4E013B1722B3DD8A00BDF4CB /* Main.storyboard in Resources */,
			);
			runOnlyForDeploymentPostprocessing = 0;
		};
		4EE5EF5622B54F960051DE9E /* Resources */ = {
			isa = PBXResourcesBuildPhase;
			buildActionMask = 2147483647;
			files = (
			);
			runOnlyForDeploymentPostprocessing = 0;
		};
/* End PBXResourcesBuildPhase section */

/* Begin PBXShellScriptBuildPhase section */
		6F46DDF4E8357E48B346F3AB /* [CP] Check Pods Manifest.lock */ = {
			isa = PBXShellScriptBuildPhase;
			buildActionMask = 2147483647;
			files = (
			);
			inputFileListPaths = (
			);
			inputPaths = (
				"${PODS_PODFILE_DIR_PATH}/Podfile.lock",
				"${PODS_ROOT}/Manifest.lock",
			);
			name = "[CP] Check Pods Manifest.lock";
			outputFileListPaths = (
			);
			outputPaths = (
				"$(DERIVED_FILE_DIR)/Pods-BitcoinPriceChecker_rx-checkManifestLockResult.txt",
			);
			runOnlyForDeploymentPostprocessing = 0;
			shellPath = /bin/sh;
			shellScript = "diff \"${PODS_PODFILE_DIR_PATH}/Podfile.lock\" \"${PODS_ROOT}/Manifest.lock\" > /dev/null\nif [ $? != 0 ] ; then\n    # print error to STDERR\n    echo \"error: The sandbox is not in sync with the Podfile.lock. Run 'pod install' or update your CocoaPods installation.\" >&2\n    exit 1\nfi\n# This output is used by Xcode 'outputs' to avoid re-running this script phase.\necho \"SUCCESS\" > \"${SCRIPT_OUTPUT_FILE_0}\"\n";
			showEnvVarsInLog = 0;
		};
		D44E0914E6B70C881EAE731A /* [CP] Embed Pods Frameworks */ = {
			isa = PBXShellScriptBuildPhase;
			buildActionMask = 2147483647;
			files = (
			);
			inputFileListPaths = (
				"${PODS_ROOT}/Target Support Files/Pods-BitcoinPriceChecker_rx/Pods-BitcoinPriceChecker_rx-frameworks-${CONFIGURATION}-input-files.xcfilelist",
			);
			name = "[CP] Embed Pods Frameworks";
			outputFileListPaths = (
				"${PODS_ROOT}/Target Support Files/Pods-BitcoinPriceChecker_rx/Pods-BitcoinPriceChecker_rx-frameworks-${CONFIGURATION}-output-files.xcfilelist",
			);
			runOnlyForDeploymentPostprocessing = 0;
			shellPath = /bin/sh;
			shellScript = "\"${PODS_ROOT}/Target Support Files/Pods-BitcoinPriceChecker_rx/Pods-BitcoinPriceChecker_rx-frameworks.sh\"\n";
			showEnvVarsInLog = 0;
		};
/* End PBXShellScriptBuildPhase section */

/* Begin PBXSourcesBuildPhase section */
		4E013B0A22B3DD8A00BDF4CB /* Sources */ = {
			isa = PBXSourcesBuildPhase;
			buildActionMask = 2147483647;
			files = (
				4E166EB222B4320200104FB7 /* PriceListViewController.swift in Sources */,
				4E166EB622B4398700104FB7 /* BaseViewController.swift in Sources */,
				4E166EB822B43D9100104FB7 /* BitcoinPriceRepository.swift in Sources */,
				4EB9EB4B22B56CE900D4DCDF /* Extensions.swift in Sources */,
				4E166EB422B4323700104FB7 /* PriceListVM.swift in Sources */,
				4E013B1222B3DD8A00BDF4CB /* AppDelegate.swift in Sources */,
				4EE5EF5022B51D540051DE9E /* PriceViewObject.swift in Sources */,
				4EE5EF5222B52E410051DE9E /* PriceListVCPickerViewExtension.swift in Sources */,
			);
			runOnlyForDeploymentPostprocessing = 0;
		};
		4EE5EF5422B54F960051DE9E /* Sources */ = {
			isa = PBXSourcesBuildPhase;
			buildActionMask = 2147483647;
			files = (
			);
			runOnlyForDeploymentPostprocessing = 0;
		};
/* End PBXSourcesBuildPhase section */

/* Begin PBXTargetDependency section */
		4EE5EF5E22B54F960051DE9E /* PBXTargetDependency */ = {
			isa = PBXTargetDependency;
			target = 4E013B0D22B3DD8A00BDF4CB /* BitcoinPriceChecker_rx */;
			targetProxy = 4EE5EF5D22B54F960051DE9E /* PBXContainerItemProxy */;
		};
/* End PBXTargetDependency section */

/* Begin PBXVariantGroup section */
		4E013B1522B3DD8A00BDF4CB /* Main.storyboard */ = {
			isa = PBXVariantGroup;
			children = (
				4E013B1622B3DD8A00BDF4CB /* Base */,
			);
			name = Main.storyboard;
			sourceTree = "<group>";
		};
		4E013B1A22B3DD9000BDF4CB /* LaunchScreen.storyboard */ = {
			isa = PBXVariantGroup;
			children = (
				4E013B1B22B3DD9000BDF4CB /* Base */,
			);
			name = LaunchScreen.storyboard;
			sourceTree = "<group>";
		};
/* End PBXVariantGroup section */

/* Begin XCBuildConfiguration section */
		4E013B1E22B3DD9000BDF4CB /* Debug */ = {
			isa = XCBuildConfiguration;
			buildSettings = {
				ALWAYS_SEARCH_USER_PATHS = NO;
				CLANG_ANALYZER_NONNULL = YES;
				CLANG_ANALYZER_NUMBER_OBJECT_CONVERSION = YES_AGGRESSIVE;
				CLANG_CXX_LANGUAGE_STANDARD = "gnu++14";
				CLANG_CXX_LIBRARY = "libc++";
				CLANG_ENABLE_MODULES = YES;
				CLANG_ENABLE_OBJC_ARC = YES;
				CLANG_ENABLE_OBJC_WEAK = YES;
				CLANG_WARN_BLOCK_CAPTURE_AUTORELEASING = YES;
				CLANG_WARN_BOOL_CONVERSION = YES;
				CLANG_WARN_COMMA = YES;
				CLANG_WARN_CONSTANT_CONVERSION = YES;
				CLANG_WARN_DEPRECATED_OBJC_IMPLEMENTATIONS = YES;
				CLANG_WARN_DIRECT_OBJC_ISA_USAGE = YES_ERROR;
				CLANG_WARN_DOCUMENTATION_COMMENTS = YES;
				CLANG_WARN_EMPTY_BODY = YES;
				CLANG_WARN_ENUM_CONVERSION = YES;
				CLANG_WARN_INFINITE_RECURSION = YES;
				CLANG_WARN_INT_CONVERSION = YES;
				CLANG_WARN_NON_LITERAL_NULL_CONVERSION = YES;
				CLANG_WARN_OBJC_IMPLICIT_RETAIN_SELF = YES;
				CLANG_WARN_OBJC_LITERAL_CONVERSION = YES;
				CLANG_WARN_OBJC_ROOT_CLASS = YES_ERROR;
				CLANG_WARN_RANGE_LOOP_ANALYSIS = YES;
				CLANG_WARN_STRICT_PROTOTYPES = YES;
				CLANG_WARN_SUSPICIOUS_MOVE = YES;
				CLANG_WARN_UNGUARDED_AVAILABILITY = YES_AGGRESSIVE;
				CLANG_WARN_UNREACHABLE_CODE = YES;
				CLANG_WARN__DUPLICATE_METHOD_MATCH = YES;
				CODE_SIGN_IDENTITY = "iPhone Developer";
				COPY_PHASE_STRIP = NO;
				DEBUG_INFORMATION_FORMAT = dwarf;
				ENABLE_STRICT_OBJC_MSGSEND = YES;
				ENABLE_TESTABILITY = YES;
				GCC_C_LANGUAGE_STANDARD = gnu11;
				GCC_DYNAMIC_NO_PIC = NO;
				GCC_NO_COMMON_BLOCKS = YES;
				GCC_OPTIMIZATION_LEVEL = 0;
				GCC_PREPROCESSOR_DEFINITIONS = (
					"DEBUG=1",
					"$(inherited)",
				);
				GCC_WARN_64_TO_32_BIT_CONVERSION = YES;
				GCC_WARN_ABOUT_RETURN_TYPE = YES_ERROR;
				GCC_WARN_UNDECLARED_SELECTOR = YES;
				GCC_WARN_UNINITIALIZED_AUTOS = YES_AGGRESSIVE;
				GCC_WARN_UNUSED_FUNCTION = YES;
				GCC_WARN_UNUSED_VARIABLE = YES;
				IPHONEOS_DEPLOYMENT_TARGET = 12.1;
				MTL_ENABLE_DEBUG_INFO = INCLUDE_SOURCE;
				MTL_FAST_MATH = YES;
				ONLY_ACTIVE_ARCH = YES;
				SDKROOT = iphoneos;
				SWIFT_ACTIVE_COMPILATION_CONDITIONS = DEBUG;
				SWIFT_OPTIMIZATION_LEVEL = "-Onone";
			};
			name = Debug;
		};
		4E013B1F22B3DD9000BDF4CB /* Release */ = {
			isa = XCBuildConfiguration;
			buildSettings = {
				ALWAYS_SEARCH_USER_PATHS = NO;
				CLANG_ANALYZER_NONNULL = YES;
				CLANG_ANALYZER_NUMBER_OBJECT_CONVERSION = YES_AGGRESSIVE;
				CLANG_CXX_LANGUAGE_STANDARD = "gnu++14";
				CLANG_CXX_LIBRARY = "libc++";
				CLANG_ENABLE_MODULES = YES;
				CLANG_ENABLE_OBJC_ARC = YES;
				CLANG_ENABLE_OBJC_WEAK = YES;
				CLANG_WARN_BLOCK_CAPTURE_AUTORELEASING = YES;
				CLANG_WARN_BOOL_CONVERSION = YES;
				CLANG_WARN_COMMA = YES;
				CLANG_WARN_CONSTANT_CONVERSION = YES;
				CLANG_WARN_DEPRECATED_OBJC_IMPLEMENTATIONS = YES;
				CLANG_WARN_DIRECT_OBJC_ISA_USAGE = YES_ERROR;
				CLANG_WARN_DOCUMENTATION_COMMENTS = YES;
				CLANG_WARN_EMPTY_BODY = YES;
				CLANG_WARN_ENUM_CONVERSION = YES;
				CLANG_WARN_INFINITE_RECURSION = YES;
				CLANG_WARN_INT_CONVERSION = YES;
				CLANG_WARN_NON_LITERAL_NULL_CONVERSION = YES;
				CLANG_WARN_OBJC_IMPLICIT_RETAIN_SELF = YES;
				CLANG_WARN_OBJC_LITERAL_CONVERSION = YES;
				CLANG_WARN_OBJC_ROOT_CLASS = YES_ERROR;
				CLANG_WARN_RANGE_LOOP_ANALYSIS = YES;
				CLANG_WARN_STRICT_PROTOTYPES = YES;
				CLANG_WARN_SUSPICIOUS_MOVE = YES;
				CLANG_WARN_UNGUARDED_AVAILABILITY = YES_AGGRESSIVE;
				CLANG_WARN_UNREACHABLE_CODE = YES;
				CLANG_WARN__DUPLICATE_METHOD_MATCH = YES;
				CODE_SIGN_IDENTITY = "iPhone Developer";
				COPY_PHASE_STRIP = NO;
				DEBUG_INFORMATION_FORMAT = "dwarf-with-dsym";
				ENABLE_NS_ASSERTIONS = NO;
				ENABLE_STRICT_OBJC_MSGSEND = YES;
				GCC_C_LANGUAGE_STANDARD = gnu11;
				GCC_NO_COMMON_BLOCKS = YES;
				GCC_WARN_64_TO_32_BIT_CONVERSION = YES;
				GCC_WARN_ABOUT_RETURN_TYPE = YES_ERROR;
				GCC_WARN_UNDECLARED_SELECTOR = YES;
				GCC_WARN_UNINITIALIZED_AUTOS = YES_AGGRESSIVE;
				GCC_WARN_UNUSED_FUNCTION = YES;
				GCC_WARN_UNUSED_VARIABLE = YES;
				IPHONEOS_DEPLOYMENT_TARGET = 12.1;
				MTL_ENABLE_DEBUG_INFO = NO;
				MTL_FAST_MATH = YES;
				SDKROOT = iphoneos;
				SWIFT_COMPILATION_MODE = wholemodule;
				SWIFT_OPTIMIZATION_LEVEL = "-O";
				VALIDATE_PRODUCT = YES;
			};
			name = Release;
		};
		4E013B2122B3DD9000BDF4CB /* Debug */ = {
			isa = XCBuildConfiguration;
			baseConfigurationReference = 44A365E055BC8DEE741F6099 /* Pods-BitcoinPriceChecker_rx.debug.xcconfig */;
			buildSettings = {
				ASSETCATALOG_COMPILER_APPICON_NAME = AppIcon;
				CODE_SIGN_STYLE = Automatic;
				DEVELOPMENT_TEAM = 829P3PG69H;
				INFOPLIST_FILE = BitcoinPriceChecker_rx/Info.plist;
				LD_RUNPATH_SEARCH_PATHS = (
					"$(inherited)",
					"@executable_path/Frameworks",
				);
				PRODUCT_BUNDLE_IDENTIFIER = "soft.BitcoinPriceChecker-rx";
				PRODUCT_NAME = "$(TARGET_NAME)";
				SWIFT_VERSION = 4.2;
				TARGETED_DEVICE_FAMILY = "1,2";
			};
			name = Debug;
		};
		4E013B2222B3DD9000BDF4CB /* Release */ = {
			isa = XCBuildConfiguration;
			baseConfigurationReference = 134EFB6432FAD611EB3E712F /* Pods-BitcoinPriceChecker_rx.release.xcconfig */;
			buildSettings = {
				ASSETCATALOG_COMPILER_APPICON_NAME = AppIcon;
				CODE_SIGN_STYLE = Automatic;
				DEVELOPMENT_TEAM = 829P3PG69H;
				INFOPLIST_FILE = BitcoinPriceChecker_rx/Info.plist;
				LD_RUNPATH_SEARCH_PATHS = (
					"$(inherited)",
					"@executable_path/Frameworks",
				);
				PRODUCT_BUNDLE_IDENTIFIER = "soft.BitcoinPriceChecker-rx";
				PRODUCT_NAME = "$(TARGET_NAME)";
				SWIFT_VERSION = 4.2;
				TARGETED_DEVICE_FAMILY = "1,2";
			};
			name = Release;
		};
		4EE5EF6022B54F960051DE9E /* Debug */ = {
			isa = XCBuildConfiguration;
			buildSettings = {
				BUNDLE_LOADER = "$(TEST_HOST)";
				CODE_SIGN_STYLE = Automatic;
				DEVELOPMENT_TEAM = 829P3PG69H;
				INFOPLIST_FILE = BitcoinPriceChecker_rxTests/Info.plist;
				LD_RUNPATH_SEARCH_PATHS = (
					"$(inherited)",
					"@executable_path/Frameworks",
					"@loader_path/Frameworks",
				);
				PRODUCT_BUNDLE_IDENTIFIER = "soft.BitcoinPriceChecker-rxTests";
				PRODUCT_NAME = "$(TARGET_NAME)";
				SWIFT_VERSION = 4.2;
				TARGETED_DEVICE_FAMILY = "1,2";
				TEST_HOST = "$(BUILT_PRODUCTS_DIR)/BitcoinPriceChecker_rx.app/BitcoinPriceChecker_rx";
			};
			name = Debug;
		};
		4EE5EF6122B54F960051DE9E /* Release */ = {
			isa = XCBuildConfiguration;
			buildSettings = {
				BUNDLE_LOADER = "$(TEST_HOST)";
				CODE_SIGN_STYLE = Automatic;
				DEVELOPMENT_TEAM = 829P3PG69H;
				INFOPLIST_FILE = BitcoinPriceChecker_rxTests/Info.plist;
				LD_RUNPATH_SEARCH_PATHS = (
					"$(inherited)",
					"@executable_path/Frameworks",
					"@loader_path/Frameworks",
				);
				PRODUCT_BUNDLE_IDENTIFIER = "soft.BitcoinPriceChecker-rxTests";
				PRODUCT_NAME = "$(TARGET_NAME)";
				SWIFT_VERSION = 4.2;
				TARGETED_DEVICE_FAMILY = "1,2";
				TEST_HOST = "$(BUILT_PRODUCTS_DIR)/BitcoinPriceChecker_rx.app/BitcoinPriceChecker_rx";
			};
			name = Release;
		};
/* End XCBuildConfiguration section */

/* Begin XCConfigurationList section */
		4E013B0922B3DD8A00BDF4CB /* Build configuration list for PBXProject "BitcoinPriceChecker_rx" */ = {
			isa = XCConfigurationList;
			buildConfigurations = (
				4E013B1E22B3DD9000BDF4CB /* Debug */,
				4E013B1F22B3DD9000BDF4CB /* Release */,
			);
			defaultConfigurationIsVisible = 0;
			defaultConfigurationName = Release;
		};
		4E013B2022B3DD9000BDF4CB /* Build configuration list for PBXNativeTarget "BitcoinPriceChecker_rx" */ = {
			isa = XCConfigurationList;
			buildConfigurations = (
				4E013B2122B3DD9000BDF4CB /* Debug */,
				4E013B2222B3DD9000BDF4CB /* Release */,
			);
			defaultConfigurationIsVisible = 0;
			defaultConfigurationName = Release;
		};
		4EE5EF5F22B54F960051DE9E /* Build configuration list for PBXNativeTarget "BitcoinPriceChecker_rxTests" */ = {
			isa = XCConfigurationList;
			buildConfigurations = (
				4EE5EF6022B54F960051DE9E /* Debug */,
				4EE5EF6122B54F960051DE9E /* Release */,
			);
			defaultConfigurationIsVisible = 0;
			defaultConfigurationName = Release;
		};
/* End XCConfigurationList section */
	};
	rootObject = 4E013B0622B3DD8A00BDF4CB /* Project object */;
}
